<?xml version="1.0" encoding="utf-8"?>
<Project ToolsVersion="4.0" xmlns="http://schemas.microsoft.com/developer/msbuild/2003">
  <ItemGroup>
    <Filter Include="src">
      <UniqueIdentifier>{4FC737F1-C7A5-4376-A066-2A32D752A2FF}</UniqueIdentifier>
      <Extensions>cpp;c;cc;cxx;c++;cppm;ixx;def;odl;idl;hpj;bat;asm;asmx</Extensions>
    </Filter>
    <Filter Include="include">
      <UniqueIdentifier>{93995380-89BD-4b04-88EB-625FBE52EBFB}</UniqueIdentifier>
      <Extensions>h;hh;hpp;hxx;h++;hm;inl;inc;ipp;xsd</Extensions>
    </Filter>
    <Filter Include="include\minhook">
      <UniqueIdentifier>{4f53cc26-ceac-4c1b-a27d-16df67f6ba2d}</UniqueIdentifier>
    </Filter>
    <Filter Include="src\helpers">
      <UniqueIdentifier>{b8c109b5-ed45-4b30-bd1e-a2c4b0efe11f}</UniqueIdentifier>
    </Filter>
  </ItemGroup>
  <ItemGroup>
    <ClCompile Include="src\main.cpp">
      <Filter>src</Filter>
    </ClCompile>
    <ClCompile Include="src\hooks.cpp">
      <Filter>src</Filter>
    </ClCompile>
    <ClCompile Include="include\minhook\hook.c">
      <Filter>include\minhook</Filter>
    </ClCompile>
    <ClCompile Include="include\minhook\trampoline.c">
      <Filter>include\minhook</Filter>
    </ClCompile>
    <ClCompile Include="include\minhook\hde\hde32.c">
      <Filter>include\minhook</Filter>
    </ClCompile>
    <ClCompile Include="include\minhook\hde\hde64.c">
      <Filter>include\minhook</Filter>
    </ClCompile>
    <ClCompile Include="include\minhook\buffer.c">
      <Filter>include\minhook</Filter>
    </ClCompile>
    <ClCompile Include="src\helpers\utils.cpp">
      <Filter>src\helpers</Filter>
    </ClCompile>
    <ClCompile Include="include\offsets.cpp">
      <Filter>include</Filter>
    </ClCompile>
  </ItemGroup>
  <ItemGroup>
    <ClInclude Include="src\hooks.h">
      <Filter>src</Filter>
    </ClInclude>
    <ClInclude Include="include\minhook\buffer.h">
      <Filter>include\minhook</Filter>
    </ClInclude>
    <ClInclude Include="include\minhook\minhook.h">
      <Filter>include\minhook</Filter>
    </ClInclude>
    <ClInclude Include="include\minhook\trampoline.h">
      <Filter>include\minhook</Filter>
    </ClInclude>
    <ClInclude Include="include\minhook\hde\hde32.h">
      <Filter>include\minhook</Filter>
    </ClInclude>
    <ClInclude Include="include\minhook\hde\hde64.h">
      <Filter>include\minhook</Filter>
    </ClInclude>
    <ClInclude Include="include\minhook\hde\pstdint.h">
      <Filter>include\minhook</Filter>
    </ClInclude>
    <ClInclude Include="include\minhook\hde\table32.h">
      <Filter>include\minhook</Filter>
    </ClInclude>
    <ClInclude Include="include\minhook\hde\table64.h">
      <Filter>include\minhook</Filter>
    </ClInclude>
    <ClInclude Include="src\main.h">
      <Filter>src</Filter>
    </ClInclude>
    <ClInclude Include="src\helpers\utils.h">
      <Filter>src\helpers</Filter>
    </ClInclude>
    <ClInclude Include="include\offsets.h">
      <Filter>include</Filter>
    </ClInclude>
  </ItemGroup>
</Project>